
Microsoft Visual Studio Solution File, Format Version 12.00
# Visual Studio 15
VisualStudioVersion = 15.0.28307.705
MinimumVisualStudioVersion = 10.0.40219.1
Project("{FAE04EC0-301F-11D3-BF4B-00C04F79EFBC}") = "SalesWebMvc", "SalesWebMvc\SalesWebMvc.csproj", "{DD408C41-2BCA-4579-B4B6-6465A3485762}"
EndProject
Global
	GlobalSection(SolutionConfigurationPlatforms) = preSolution
		Debug|Any CPU = Debug|Any CPU
		Release|Any CPU = Release|Any CPU
	EndGlobalSection
	GlobalSection(ProjectConfigurationPlatforms) = postSolution
		{DD408C41-2BCA-4579-B4B6-6465A3485762}.Debug|Any CPU.ActiveCfg = Debug|Any CPU
		{DD408C41-2BCA-4579-B4B6-6465A3485762}.Debug|Any CPU.Build.0 = Debug|Any CPU
		{DD408C41-2BCA-4579-B4B6-6465A3485762}.Release|Any CPU.ActiveCfg = Release|Any CPU
		{DD408C41-2BCA-4579-B4B6-6465A3485762}.Release|Any CPU.Build.0 = Release|Any CPU
	EndGlobalSection
	GlobalSection(SolutionProperties) = preSolution
		HideSolutionNode = FALSE
	EndGlobalSection
	GlobalSection(ExtensibilityGlobals) = postSolution
		SolutionGuid = {AA57405D-C8CD-4265-AAE4-E161F0D265FC}
	EndGlobalSection
EndGlobal
